// !$*UTF8*$!
{
	archiveVersion = 1;
	classes = {
	};
	objectVersion = 55;
	objects = {

/* Begin PBXBuildFile section */
		12554B4F2896FB690032630D /* FirstScren.swift in Sources */ = {isa = PBXBuildFile; fileRef = 12554B4E2896FB680032630D /* FirstScren.swift */; };
		1267192F288D54C600818658 /* BlurView.swift in Sources */ = {isa = PBXBuildFile; fileRef = 1267192E288D54C500818658 /* BlurView.swift */; };
		12671931288D5D1200818658 /* TabBar.swift in Sources */ = {isa = PBXBuildFile; fileRef = 12671930288D5D1100818658 /* TabBar.swift */; };
		12671933288D740600818658 /* MiniPlayer.swift in Sources */ = {isa = PBXBuildFile; fileRef = 12671932288D740600818658 /* MiniPlayer.swift */; };
		12705D0B2892D8450034EF16 /* Model.swift in Sources */ = {isa = PBXBuildFile; fileRef = 12705D0A2892D8440034EF16 /* Model.swift */; };
		12705D0D2892D8850034EF16 /* ListView.swift in Sources */ = {isa = PBXBuildFile; fileRef = 12705D0C2892D8850034EF16 /* ListView.swift */; };
		12BFFDF6288C1F4800F6C8B2 /* Apple_Music_iOS5_HWApp.swift in Sources */ = {isa = PBXBuildFile; fileRef = 12BFFDF5288C1F4800F6C8B2 /* Apple_Music_iOS5_HWApp.swift */; };
		12BFFDF8288C1F4800F6C8B2 /* ContentView.swift in Sources */ = {isa = PBXBuildFile; fileRef = 12BFFDF7288C1F4800F6C8B2 /* ContentView.swift */; };
		12BFFDFA288C1F5A00F6C8B2 /* Assets.xcassets in Resources */ = {isa = PBXBuildFile; fileRef = 12BFFDF9288C1F5A00F6C8B2 /* Assets.xcassets */; };
		12BFFDFD288C1F5A00F6C8B2 /* Preview Assets.xcassets in Resources */ = {isa = PBXBuildFile; fileRef = 12BFFDFC288C1F5A00F6C8B2 /* Preview Assets.xcassets */; };
		12BFFDFF288C1F5A00F6C8B2 /* Persistence.swift in Sources */ = {isa = PBXBuildFile; fileRef = 12BFFDFE288C1F5A00F6C8B2 /* Persistence.swift */; };
		12BFFE02288C1F5A00F6C8B2 /* Apple_Music_iOS5_HW.xcdatamodeld in Sources */ = {isa = PBXBuildFile; fileRef = 12BFFE00288C1F5A00F6C8B2 /* Apple_Music_iOS5_HW.xcdatamodeld */; };
/* End PBXBuildFile section */

/* Begin PBXFileReference section */
		12554B4E2896FB680032630D /* FirstScren.swift */ = {isa = PBXFileReference; lastKnownFileType = sourcecode.swift; path = FirstScren.swift; sourceTree = "<group>"; };
		1267192E288D54C500818658 /* BlurView.swift */ = {isa = PBXFileReference; lastKnownFileType = sourcecode.swift; path = BlurView.swift; sourceTree = "<group>"; };
		12671930288D5D1100818658 /* TabBar.swift */ = {isa = PBXFileReference; lastKnownFileType = sourcecode.swift; path = TabBar.swift; sourceTree = "<group>"; };
		12671932288D740600818658 /* MiniPlayer.swift */ = {isa = PBXFileReference; lastKnownFileType = sourcecode.swift; path = MiniPlayer.swift; sourceTree = "<group>"; };
		12705D0A2892D8440034EF16 /* Model.swift */ = {isa = PBXFileReference; lastKnownFileType = sourcecode.swift; path = Model.swift; sourceTree = "<group>"; };
		12705D0C2892D8850034EF16 /* ListView.swift */ = {isa = PBXFileReference; lastKnownFileType = sourcecode.swift; path = ListView.swift; sourceTree = "<group>"; };
		12BFFDF2288C1F4800F6C8B2 /* Apple-Music-iOS5-HW.app */ = {isa = PBXFileReference; explicitFileType = wrapper.application; includeInIndex = 0; path = "Apple-Music-iOS5-HW.app"; sourceTree = BUILT_PRODUCTS_DIR; };
		12BFFDF5288C1F4800F6C8B2 /* Apple_Music_iOS5_HWApp.swift */ = {isa = PBXFileReference; lastKnownFileType = sourcecode.swift; path = Apple_Music_iOS5_HWApp.swift; sourceTree = "<group>"; };
		12BFFDF7288C1F4800F6C8B2 /* ContentView.swift */ = {isa = PBXFileReference; lastKnownFileType = sourcecode.swift; path = ContentView.swift; sourceTree = "<group>"; };
		12BFFDF9288C1F5A00F6C8B2 /* Assets.xcassets */ = {isa = PBXFileReference; lastKnownFileType = folder.assetcatalog; path = Assets.xcassets; sourceTree = "<group>"; };
		12BFFDFC288C1F5A00F6C8B2 /* Preview Assets.xcassets */ = {isa = PBXFileReference; lastKnownFileType = folder.assetcatalog; path = "Preview Assets.xcassets"; sourceTree = "<group>"; };
		12BFFDFE288C1F5A00F6C8B2 /* Persistence.swift */ = {isa = PBXFileReference; lastKnownFileType = sourcecode.swift; path = Persistence.swift; sourceTree = "<group>"; };
		12BFFE01288C1F5A00F6C8B2 /* Apple_Music_iOS5_HW.xcdatamodel */ = {isa = PBXFileReference; lastKnownFileType = wrapper.xcdatamodel; path = Apple_Music_iOS5_HW.xcdatamodel; sourceTree = "<group>"; };
/* End PBXFileReference section */

/* Begin PBXFrameworksBuildPhase section */
		12BFFDEF288C1F4800F6C8B2 /* Frameworks */ = {
			isa = PBXFrameworksBuildPhase;
			buildActionMask = 2147483647;
			files = (
			);
			runOnlyForDeploymentPostprocessing = 0;
		};
/* End PBXFrameworksBuildPhase section */

/* Begin PBXGroup section */
		12BFFDE9288C1F4800F6C8B2 = {
			isa = PBXGroup;
			children = (
				12BFFDF4288C1F4800F6C8B2 /* Apple-Music-iOS5-HW */,
				12BFFDF3288C1F4800F6C8B2 /* Products */,
			);
			sourceTree = "<group>";
		};
		12BFFDF3288C1F4800F6C8B2 /* Products */ = {
			isa = PBXGroup;
			children = (
				12BFFDF2288C1F4800F6C8B2 /* Apple-Music-iOS5-HW.app */,
			);
			name = Products;
			sourceTree = "<group>";
		};
		12BFFDF4288C1F4800F6C8B2 /* Apple-Music-iOS5-HW */ = {
			isa = PBXGroup;
			children = (
				12BFFDF5288C1F4800F6C8B2 /* Apple_Music_iOS5_HWApp.swift */,
				12BFFDF7288C1F4800F6C8B2 /* ContentView.swift */,
				1267192E288D54C500818658 /* BlurView.swift */,
				12671930288D5D1100818658 /* TabBar.swift */,
				12671932288D740600818658 /* MiniPlayer.swift */,
				12BFFDF9288C1F5A00F6C8B2 /* Assets.xcassets */,
				12BFFDFE288C1F5A00F6C8B2 /* Persistence.swift */,
				12BFFE00288C1F5A00F6C8B2 /* Apple_Music_iOS5_HW.xcdatamodeld */,
				12BFFDFB288C1F5A00F6C8B2 /* Preview Content */,
				12705D0A2892D8440034EF16 /* Model.swift */,
				12705D0C2892D8850034EF16 /* ListView.swift */,
				12554B4E2896FB680032630D /* FirstScren.swift */,
			);
			path = "Apple-Music-iOS5-HW";
			sourceTree = "<group>";
		};
		12BFFDFB288C1F5A00F6C8B2 /* Preview Content */ = {
			isa = PBXGroup;
			children = (
				12BFFDFC288C1F5A00F6C8B2 /* Preview Assets.xcassets */,
			);
			path = "Preview Content";
			sourceTree = "<group>";
		};
/* End PBXGroup section */

/* Begin PBXNativeTarget section */
		12BFFDF1288C1F4800F6C8B2 /* Apple-Music-iOS5-HW */ = {
			isa = PBXNativeTarget;
			buildConfigurationList = 12BFFE05288C1F5A00F6C8B2 /* Build configuration list for PBXNativeTarget "Apple-Music-iOS5-HW" */;
			buildPhases = (
				12BFFDEE288C1F4800F6C8B2 /* Sources */,
				12BFFDEF288C1F4800F6C8B2 /* Frameworks */,
				12BFFDF0288C1F4800F6C8B2 /* Resources */,
			);
			buildRules = (
			);
			dependencies = (
			);
			name = "Apple-Music-iOS5-HW";
			productName = "Apple-Music-iOS5-HW";
			productReference = 12BFFDF2288C1F4800F6C8B2 /* Apple-Music-iOS5-HW.app */;
			productType = "com.apple.product-type.application";
		};
/* End PBXNativeTarget section */

/* Begin PBXProject section */
		12BFFDEA288C1F4800F6C8B2 /* Project object */ = {
			isa = PBXProject;
			attributes = {
				BuildIndependentTargetsInParallel = 1;
				LastSwiftUpdateCheck = 1340;
				LastUpgradeCheck = 1340;
				TargetAttributes = {
					12BFFDF1288C1F4800F6C8B2 = {
						CreatedOnToolsVersion = 13.4.1;
					};
				};
			};
			buildConfigurationList = 12BFFDED288C1F4800F6C8B2 /* Build configuration list for PBXProject "Apple-Music-iOS5-HW" */;
			compatibilityVersion = "Xcode 13.0";
			developmentRegion = en;
			hasScannedForEncodings = 0;
			knownRegions = (
				en,
				Base,
			);
			mainGroup = 12BFFDE9288C1F4800F6C8B2;
			productRefGroup = 12BFFDF3288C1F4800F6C8B2 /* Products */;
			projectDirPath = "";
			projectRoot = "";
			targets = (
				12BFFDF1288C1F4800F6C8B2 /* Apple-Music-iOS5-HW */,
			);
		};
/* End PBXProject section */

/* Begin PBXResourcesBuildPhase section */
		12BFFDF0288C1F4800F6C8B2 /* Resources */ = {
			isa = PBXResourcesBuildPhase;
			buildActionMask = 2147483647;
			files = (
				12BFFDFD288C1F5A00F6C8B2 /* Preview Assets.xcassets in Resources */,
				12BFFDFA288C1F5A00F6C8B2 /* Assets.xcassets in Resources */,
			);
			runOnlyForDeploymentPostprocessing = 0;
		};
/* End PBXResourcesBuildPhase section */

/* Begin PBXSourcesBuildPhase section */
		12BFFDEE288C1F4800F6C8B2 /* Sources */ = {
			isa = PBXSourcesBuildPhase;
			buildActionMask = 2147483647;
			files = (
				12554B4F2896FB690032630D /* FirstScren.swift in Sources */,
				12705D0B2892D8450034EF16 /* Model.swift in Sources */,
				12BFFDFF288C1F5A00F6C8B2 /* Persistence.swift in Sources */,
				12705D0D2892D8850034EF16 /* ListView.swift in Sources */,
				12BFFDF8288C1F4800F6C8B2 /* ContentView.swift in Sources */,
				1267192F288D54C600818658 /* BlurView.swift in Sources */,
				12671931288D5D1200818658 /* TabBar.swift in Sources */,
				12671933288D740600818658 /* MiniPlayer.swift in Sources */,
				12BFFE02288C1F5A00F6C8B2 /* Apple_Music_iOS5_HW.xcdatamodeld in Sources */,
				12BFFDF6288C1F4800F6C8B2 /* Apple_Music_iOS5_HWApp.swift in Sources */,
			);
			runOnlyForDeploymentPostprocessing = 0;
		};
/* End PBXSourcesBuildPhase section */

/* Begin XCBuildConfiguration section */
		12BFFE03288C1F5A00F6C8B2 /* Debug */ = {
			isa = XCBuildConfiguration;
			buildSettings = {
				ALWAYS_SEARCH_USER_PATHS = NO;
				CLANG_ANALYZER_NONNULL = YES;
				CLANG_ANALYZER_NUMBER_OBJECT_CONVERSION = YES_AGGRESSIVE;
				CLANG_CXX_LANGUAGE_STANDARD = "gnu++17";
				CLANG_ENABLE_MODULES = YES;
				CLANG_ENABLE_OBJC_ARC = YES;
				CLANG_ENABLE_OBJC_WEAK = YES;
				CLANG_WARN_BLOCK_CAPTURE_AUTORELEASING = YES;
				CLANG_WARN_BOOL_CONVERSION = YES;
				CLANG_WARN_COMMA = YES;
				CLANG_WARN_CONSTANT_CONVERSION = YES;
				CLANG_WARN_DEPRECATED_OBJC_IMPLEMENTATIONS = YES;
				CLANG_WARN_DIRECT_OBJC_ISA_USAGE = YES_ERROR;
				CLANG_WARN_DOCUMENTATION_COMMENTS = YES;
				CLANG_WARN_EMPTY_BODY = YES;
				CLANG_WARN_ENUM_CONVERSION = YES;
				CLANG_WARN_INFINITE_RECURSION = YES;
				CLANG_WARN_INT_CONVERSION = YES;
				CLANG_WARN_NON_LITERAL_NULL_CONVERSION = YES;
				CLANG_WARN_OBJC_IMPLICIT_RETAIN_SELF = YES;
				CLANG_WARN_OBJC_LITERAL_CONVERSION = YES;
				CLANG_WARN_OBJC_ROOT_CLASS = YES_ERROR;
				CLANG_WARN_QUOTED_INCLUDE_IN_FRAMEWORK_HEADER = YES;
				CLANG_WARN_RANGE_LOOP_ANALYSIS = YES;
				CLANG_WARN_STRICT_PROTOTYPES = YES;
				CLANG_WARN_SUSPICIOUS_MOVE = YES;
				CLANG_WARN_UNGUARDED_AVAILABILITY = YES_AGGRESSIVE;
				CLANG_WARN_UNREACHABLE_CODE = YES;
				CLANG_WARN__DUPLICATE_METHOD_MATCH = YES;
				COPY_PHASE_STRIP = NO;
				DEBUG_INFORMATION_FORMAT = dwarf;
				ENABLE_STRICT_OBJC_MSGSEND = YES;
				ENABLE_TESTABILITY = YES;
				GCC_C_LANGUAGE_STANDARD = gnu11;
				GCC_DYNAMIC_NO_PIC = NO;
				GCC_NO_COMMON_BLOCKS = YES;
				GCC_OPTIMIZATION_LEVEL = 0;
				GCC_PREPROCESSOR_DEFINITIONS = (
					"DEBUG=1",
					"$(inherited)",
				);
				GCC_WARN_64_TO_32_BIT_CONVERSION = YES;
				GCC_WARN_ABOUT_RETURN_TYPE = YES_ERROR;
				GCC_WARN_UNDECLARED_SELECTOR = YES;
				GCC_WARN_UNINITIALIZED_AUTOS = YES_AGGRESSIVE;
				GCC_WARN_UNUSED_FUNCTION = YES;
				GCC_WARN_UNUSED_VARIABLE = YES;
				IPHONEOS_DEPLOYMENT_TARGET = 15.2;
				MTL_ENABLE_DEBUG_INFO = INCLUDE_SOURCE;
				MTL_FAST_MATH = YES;
				ONLY_ACTIVE_ARCH = YES;
				SDKROOT = iphoneos;
				SWIFT_ACTIVE_COMPILATION_CONDITIONS = DEBUG;
				SWIFT_OPTIMIZATION_LEVEL = "-Onone";
			};
			name = Debug;
		};
		12BFFE04288C1F5A00F6C8B2 /* Release */ = {
			isa = XCBuildConfiguration;
			buildSettings = {
				ALWAYS_SEARCH_USER_PATHS = NO;
				CLANG_ANALYZER_NONNULL = YES;
				CLANG_ANALYZER_NUMBER_OBJECT_CONVERSION = YES_AGGRESSIVE;
				CLANG_CXX_LANGUAGE_STANDARD = "gnu++17";
				CLANG_ENABLE_MODULES = YES;
				CLANG_ENABLE_OBJC_ARC = YES;
				CLANG_ENABLE_OBJC_WEAK = YES;
				CLANG_WARN_BLOCK_CAPTURE_AUTORELEASING = YES;
				CLANG_WARN_BOOL_CONVERSION = YES;
				CLANG_WARN_COMMA = YES;
				CLANG_WARN_CONSTANT_CONVERSION = YES;
				CLANG_WARN_DEPRECATED_OBJC_IMPLEMENTATIONS = YES;
				CLANG_WARN_DIRECT_OBJC_ISA_USAGE = YES_ERROR;
				CLANG_WARN_DOCUMENTATION_COMMENTS = YES;
				CLANG_WARN_EMPTY_BODY = YES;
				CLANG_WARN_ENUM_CONVERSION = YES;
				CLANG_WARN_INFINITE_RECURSION = YES;
				CLANG_WARN_INT_CONVERSION = YES;
				CLANG_WARN_NON_LITERAL_NULL_CONVERSION = YES;
				CLANG_WARN_OBJC_IMPLICIT_RETAIN_SELF = YES;
				CLANG_WARN_OBJC_LITERAL_CONVERSION = YES;
				CLANG_WARN_OBJC_ROOT_CLASS = YES_ERROR;
				CLANG_WARN_QUOTED_INCLUDE_IN_FRAMEWORK_HEADER = YES;
				CLANG_WARN_RANGE_LOOP_ANALYSIS = YES;
				CLANG_WARN_STRICT_PROTOTYPES = YES;
				CLANG_WARN_SUSPICIOUS_MOVE = YES;
				CLANG_WARN_UNGUARDED_AVAILABILITY = YES_AGGRESSIVE;
				CLANG_WARN_UNREACHABLE_CODE = YES;
				CLANG_WARN__DUPLICATE_METHOD_MATCH = YES;
				COPY_PHASE_STRIP = NO;
				DEBUG_INFORMATION_FORMAT = "dwarf-with-dsym";
				ENABLE_NS_ASSERTIONS = NO;
				ENABLE_STRICT_OBJC_MSGSEND = YES;
				GCC_C_LANGUAGE_STANDARD = gnu11;
				GCC_NO_COMMON_BLOCKS = YES;
				GCC_WARN_64_TO_32_BIT_CONVERSION = YES;
				GCC_WARN_ABOUT_RETURN_TYPE = YES_ERROR;
				GCC_WARN_UNDECLARED_SELECTOR = YES;
				GCC_WARN_UNINITIALIZED_AUTOS = YES_AGGRESSIVE;
				GCC_WARN_UNUSED_FUNCTION = YES;
				GCC_WARN_UNUSED_VARIABLE = YES;
				IPHONEOS_DEPLOYMENT_TARGET = 15.2;
				MTL_ENABLE_DEBUG_INFO = NO;
				MTL_FAST_MATH = YES;
				SDKROOT = iphoneos;
				SWIFT_COMPILATION_MODE = wholemodule;
				SWIFT_OPTIMIZATION_LEVEL = "-O";
				VALIDATE_PRODUCT = YES;
			};
			name = Release;
		};
		12BFFE06288C1F5A00F6C8B2 /* Debug */ = {
			isa = XCBuildConfiguration;
			buildSettings = {
				ASSETCATALOG_COMPILER_APPICON_NAME = AppIcon;
				ASSETCATALOG_COMPILER_GLOBAL_ACCENT_COLOR_NAME = AccentColor;
				CODE_SIGN_STYLE = Automatic;
				CURRENT_PROJECT_VERSION = 1;
				DEVELOPMENT_ASSET_PATHS = "\"Apple-Music-iOS5-HW/Preview Content\"";
				ENABLE_PREVIEWS = YES;
				GENERATE_INFOPLIST_FILE = YES;
				INFOPLIST_KEY_UIApplicationSceneManifest_Generation = YES;
				INFOPLIST_KEY_UIApplicationSupportsIndirectInputEvents = YES;
				INFOPLIST_KEY_UILaunchScreen_Generation = YES;
				INFOPLIST_KEY_UISupportedInterfaceOrientations_iPad = "UIInterfaceOrientationPortrait UIInterfaceOrientationPortraitUpsideDown UIInterfaceOrientationLandscapeLeft UIInterfaceOrientationLandscapeRight";
				INFOPLIST_KEY_UISupportedInterfaceOrientations_iPhone = "UIInterfaceOrientationPortrait UIInterfaceOrientationLandscapeLeft UIInterfaceOrientationLandscapeRight";
				LD_RUNPATH_SEARCH_PATHS = (
					"$(inherited)",
					"@executable_path/Frameworks",
				);
				MARKETING_VERSION = 1.0;
				PRODUCT_BUNDLE_IDENTIFIER = "Pavel-Abramov.Apple-Music-iOS5-HW";
				PRODUCT_NAME = "$(TARGET_NAME)";
				SWIFT_EMIT_LOC_STRINGS = YES;
				SWIFT_VERSION = 5.0;
				TARGETED_DEVICE_FAMILY = "1,2";
			};
			name = Debug;
		};
		12BFFE07288C1F5A00F6C8B2 /* Release */ = {
			isa = XCBuildConfiguration;
			buildSettings = {
				ASSETCATALOG_COMPILER_APPICON_NAME = AppIcon;
				ASSETCATALOG_COMPILER_GLOBAL_ACCENT_COLOR_NAME = AccentColor;
				CODE_SIGN_STYLE = Automatic;
				CURRENT_PROJECT_VERSION = 1;
				DEVELOPMENT_ASSET_PATHS = "\"Apple-Music-iOS5-HW/Preview Content\"";
				ENABLE_PREVIEWS = YES;
				GENERATE_INFOPLIST_FILE = YES;
				INFOPLIST_KEY_UIApplicationSceneManifest_Generation = YES;
				INFOPLIST_KEY_UIApplicationSupportsIndirectInputEvents = YES;
				INFOPLIST_KEY_UILaunchScreen_Generation = YES;
				INFOPLIST_KEY_UISupportedInterfaceOrientations_iPad = "UIInterfaceOrientationPortrait UIInterfaceOrientationPortraitUpsideDown UIInterfaceOrientationLandscapeLeft UIInterfaceOrientationLandscapeRight";
				INFOPLIST_KEY_UISupportedInterfaceOrientations_iPhone = "UIInterfaceOrientationPortrait UIInterfaceOrientationLandscapeLeft UIInterfaceOrientationLandscapeRight";
				LD_RUNPATH_SEARCH_PATHS = (
					"$(inherited)",
					"@executable_path/Frameworks",
				);
				MARKETING_VERSION = 1.0;
				PRODUCT_BUNDLE_IDENTIFIER = "Pavel-Abramov.Apple-Music-iOS5-HW";
				PRODUCT_NAME = "$(TARGET_NAME)";
				SWIFT_EMIT_LOC_STRINGS = YES;
				SWIFT_VERSION = 5.0;
				TARGETED_DEVICE_FAMILY = "1,2";
			};
			name = Release;
		};
/* End XCBuildConfiguration section */

/* Begin XCConfigurationList section */
		12BFFDED288C1F4800F6C8B2 /* Build configuration list for PBXProject "Apple-Music-iOS5-HW" */ = {
			isa = XCConfigurationList;
			buildConfigurations = (
				12BFFE03288C1F5A00F6C8B2 /* Debug */,
				12BFFE04288C1F5A00F6C8B2 /* Release */,
			);
			defaultConfigurationIsVisible = 0;
			defaultConfigurationName = Release;
		};
		12BFFE05288C1F5A00F6C8B2 /* Build configuration list for PBXNativeTarget "Apple-Music-iOS5-HW" */ = {
			isa = XCConfigurationList;
			buildConfigurations = (
				12BFFE06288C1F5A00F6C8B2 /* Debug */,
				12BFFE07288C1F5A00F6C8B2 /* Release */,
			);
			defaultConfigurationIsVisible = 0;
			defaultConfigurationName = Release;
		};
/* End XCConfigurationList section */

/* Begin XCVersionGroup section */
		12BFFE00288C1F5A00F6C8B2 /* Apple_Music_iOS5_HW.xcdatamodeld */ = {
			isa = XCVersionGroup;
			children = (
				12BFFE01288C1F5A00F6C8B2 /* Apple_Music_iOS5_HW.xcdatamodel */,
			);
			currentVersion = 12BFFE01288C1F5A00F6C8B2 /* Apple_Music_iOS5_HW.xcdatamodel */;
			path = Apple_Music_iOS5_HW.xcdatamodeld;
			sourceTree = "<group>";
			versionGroupType = wrapper.xcdatamodel;
		};
/* End XCVersionGroup section */
	};
	rootObject = 12BFFDEA288C1F4800F6C8B2 /* Project object */;
}
